// !$*UTF8*$!
{
	archiveVersion = 1;
	classes = {
	};
	objectVersion = 46;
	objects = {

/* Begin PBXBuildFile section */
		1731C0671DCAE2E40060185F /* PianoKey.m in Sources */ = {isa = PBXBuildFile; fileRef = 1731C0661DCAE2E40060185F /* PianoKey.m */; };
		1731C06E1DCB2FE80060185F /* TunerViewController.m in Sources */ = {isa = PBXBuildFile; fileRef = 1731C06D1DCB2FE80060185F /* TunerViewController.m */; };
		1731C07C1DCC3B6C0060185F /* DynoPiano1.sf2 in Resources */ = {isa = PBXBuildFile; fileRef = 1731C0741DCC3B6C0060185F /* DynoPiano1.sf2 */; };
		1731C07E1DCC3B6C0060185F /* Elec. Piano.sf2 in Resources */ = {isa = PBXBuildFile; fileRef = 1731C0761DCC3B6C0060185F /* Elec. Piano.sf2 */; };
		1731C07F1DCC3B6C0060185F /* Finger Bass.sf2 in Resources */ = {isa = PBXBuildFile; fileRef = 1731C0771DCC3B6C0060185F /* Finger Bass.sf2 */; };
		1731C0821DCC3B6C0060185F /* Gitano.sf2 in Resources */ = {isa = PBXBuildFile; fileRef = 1731C07A1DCC3B6C0060185F /* Gitano.sf2 */; };
		1731C0831DCC3B6C0060185F /* Ney Flute.sf2 in Resources */ = {isa = PBXBuildFile; fileRef = 1731C07B1DCC3B6C0060185F /* Ney Flute.sf2 */; };
		1731C0881DCC3C320060185F /* Grand Piano.sf2 in Resources */ = {isa = PBXBuildFile; fileRef = 1731C0841DCC3C320060185F /* Grand Piano.sf2 */; };
		1731C0891DCC3C320060185F /* Slack Piano.sf2 in Resources */ = {isa = PBXBuildFile; fileRef = 1731C0851DCC3C320060185F /* Slack Piano.sf2 */; };
		1731C08A1DCC3C320060185F /* Stereo Piano.sf2 in Resources */ = {isa = PBXBuildFile; fileRef = 1731C0861DCC3C320060185F /* Stereo Piano.sf2 */; };
		174105921DB7AB9A00F0B162 /* main.m in Sources */ = {isa = PBXBuildFile; fileRef = 174105911DB7AB9A00F0B162 /* main.m */; };
		174105951DB7AB9A00F0B162 /* AppDelegate.m in Sources */ = {isa = PBXBuildFile; fileRef = 174105941DB7AB9A00F0B162 /* AppDelegate.m */; };
		174105981DB7AB9A00F0B162 /* PianoViewController.m in Sources */ = {isa = PBXBuildFile; fileRef = 174105971DB7AB9A00F0B162 /* PianoViewController.m */; };
		1741059B1DB7AB9A00F0B162 /* Main.storyboard in Resources */ = {isa = PBXBuildFile; fileRef = 174105991DB7AB9A00F0B162 /* Main.storyboard */; };
		1741059D1DB7AB9A00F0B162 /* Assets.xcassets in Resources */ = {isa = PBXBuildFile; fileRef = 1741059C1DB7AB9A00F0B162 /* Assets.xcassets */; };
		174105A01DB7AB9A00F0B162 /* LaunchScreen.storyboard in Resources */ = {isa = PBXBuildFile; fileRef = 1741059E1DB7AB9A00F0B162 /* LaunchScreen.storyboard */; };
		174105A91DB7ABF300F0B162 /* AudioToolbox.framework in Frameworks */ = {isa = PBXBuildFile; fileRef = 174105A81DB7ABF300F0B162 /* AudioToolbox.framework */; };
		174105AB1DB7ABFD00F0B162 /* CoreAudio.framework in Frameworks */ = {isa = PBXBuildFile; fileRef = 174105AA1DB7ABFD00F0B162 /* CoreAudio.framework */; };
		17501A941DBD12B6007DF9CF /* MidiAudioManager.m in Sources */ = {isa = PBXBuildFile; fileRef = 17501A931DBD12B6007DF9CF /* MidiAudioManager.m */; };
		17501AA21DBD31B0007DF9CF /* CoreMIDI.framework in Frameworks */ = {isa = PBXBuildFile; fileRef = 17501AA11DBD31B0007DF9CF /* CoreMIDI.framework */; };
		177650691DD4CF250002F3F0 /* AudioEngine.m in Sources */ = {isa = PBXBuildFile; fileRef = 177650681DD4CF250002F3F0 /* AudioEngine.m */; };
		177650721DD56F120002F3F0 /* EZAudioFFT.m in Sources */ = {isa = PBXBuildFile; fileRef = 1776506F1DD56F120002F3F0 /* EZAudioFFT.m */; };
		177650731DD56F120002F3F0 /* EZAudioUtilities.m in Sources */ = {isa = PBXBuildFile; fileRef = 177650711DD56F120002F3F0 /* EZAudioUtilities.m */; };
		177650761DD578F20002F3F0 /* TPCircularBuffer.c in Sources */ = {isa = PBXBuildFile; fileRef = 177650741DD578F20002F3F0 /* TPCircularBuffer.c */; };
		178CB6651DE1E25A00DB78AB /* metronome.sf2 in Resources */ = {isa = PBXBuildFile; fileRef = 178CB6641DE1E25A00DB78AB /* metronome.sf2 */; };
		1794E9A61DDC15F50048F781 /* amen.m4a in Resources */ = {isa = PBXBuildFile; fileRef = 1794E9A21DDC15F50048F781 /* amen.m4a */; };
		1794E9A71DDC15F50048F781 /* bass.m4a in Resources */ = {isa = PBXBuildFile; fileRef = 1794E9A31DDC15F50048F781 /* bass.m4a */; };
		1794E9A81DDC15F50048F781 /* piano.m4a in Resources */ = {isa = PBXBuildFile; fileRef = 1794E9A41DDC15F50048F781 /* piano.m4a */; };
		1794E9A91DDC15F50048F781 /* sweep.m4a in Resources */ = {isa = PBXBuildFile; fileRef = 1794E9A51DDC15F50048F781 /* sweep.m4a */; };
		1794E9AC1DDC9E310048F781 /* AudioEffectTableViewCell.m in Sources */ = {isa = PBXBuildFile; fileRef = 1794E9AB1DDC9E310048F781 /* AudioEffectTableViewCell.m */; };
		17D902381DE5E3B2007E5B5F /* MetronomeViewController.m in Sources */ = {isa = PBXBuildFile; fileRef = 17D902371DE5E3B2007E5B5F /* MetronomeViewController.m */; };
		17D902641DF302EC007E5B5F /* CoreAudioKit.framework in Frameworks */ = {isa = PBXBuildFile; fileRef = 17D902631DF302EC007E5B5F /* CoreAudioKit.framework */; };
/* End PBXBuildFile section */

/* Begin PBXFileReference section */
		1731C0651DCAE2E40060185F /* PianoKey.h */ = {isa = PBXFileReference; fileEncoding = 4; lastKnownFileType = sourcecode.c.h; path = PianoKey.h; sourceTree = "<group>"; };
		1731C0661DCAE2E40060185F /* PianoKey.m */ = {isa = PBXFileReference; fileEncoding = 4; lastKnownFileType = sourcecode.c.objc; path = PianoKey.m; sourceTree = "<group>"; };
		1731C06C1DCB2FE80060185F /* TunerViewController.h */ = {isa = PBXFileReference; fileEncoding = 4; lastKnownFileType = sourcecode.c.h; path = TunerViewController.h; sourceTree = "<group>"; };
		1731C06D1DCB2FE80060185F /* TunerViewController.m */ = {isa = PBXFileReference; fileEncoding = 4; lastKnownFileType = sourcecode.c.objc; path = TunerViewController.m; sourceTree = "<group>"; };
		1731C0741DCC3B6C0060185F /* DynoPiano1.sf2 */ = {isa = PBXFileReference; lastKnownFileType = file; path = DynoPiano1.sf2; sourceTree = "<group>"; };
		1731C0761DCC3B6C0060185F /* Elec. Piano.sf2 */ = {isa = PBXFileReference; lastKnownFileType = file; path = "Elec. Piano.sf2"; sourceTree = "<group>"; };
		1731C0771DCC3B6C0060185F /* Finger Bass.sf2 */ = {isa = PBXFileReference; lastKnownFileType = file; path = "Finger Bass.sf2"; sourceTree = "<group>"; };
		1731C07A1DCC3B6C0060185F /* Gitano.sf2 */ = {isa = PBXFileReference; lastKnownFileType = file; path = Gitano.sf2; sourceTree = "<group>"; };
		1731C07B1DCC3B6C0060185F /* Ney Flute.sf2 */ = {isa = PBXFileReference; lastKnownFileType = file; path = "Ney Flute.sf2"; sourceTree = "<group>"; };
		1731C0841DCC3C320060185F /* Grand Piano.sf2 */ = {isa = PBXFileReference; lastKnownFileType = file; path = "Grand Piano.sf2"; sourceTree = "<group>"; };
		1731C0851DCC3C320060185F /* Slack Piano.sf2 */ = {isa = PBXFileReference; lastKnownFileType = file; path = "Slack Piano.sf2"; sourceTree = "<group>"; };
		1731C0861DCC3C320060185F /* Stereo Piano.sf2 */ = {isa = PBXFileReference; lastKnownFileType = file; path = "Stereo Piano.sf2"; sourceTree = "<group>"; };
		1741058D1DB7AB9A00F0B162 /* MidiPiano.app */ = {isa = PBXFileReference; explicitFileType = wrapper.application; includeInIndex = 0; path = MidiPiano.app; sourceTree = BUILT_PRODUCTS_DIR; };
		174105911DB7AB9A00F0B162 /* main.m */ = {isa = PBXFileReference; lastKnownFileType = sourcecode.c.objc; path = main.m; sourceTree = "<group>"; };
		174105931DB7AB9A00F0B162 /* AppDelegate.h */ = {isa = PBXFileReference; lastKnownFileType = sourcecode.c.h; path = AppDelegate.h; sourceTree = "<group>"; };
		174105941DB7AB9A00F0B162 /* AppDelegate.m */ = {isa = PBXFileReference; lastKnownFileType = sourcecode.c.objc; path = AppDelegate.m; sourceTree = "<group>"; };
		174105961DB7AB9A00F0B162 /* PianoViewController.h */ = {isa = PBXFileReference; lastKnownFileType = sourcecode.c.h; path = PianoViewController.h; sourceTree = "<group>"; };
		174105971DB7AB9A00F0B162 /* PianoViewController.m */ = {isa = PBXFileReference; lastKnownFileType = sourcecode.c.objc; path = PianoViewController.m; sourceTree = "<group>"; };
		1741059A1DB7AB9A00F0B162 /* Base */ = {isa = PBXFileReference; lastKnownFileType = file.storyboard; name = Base; path = Base.lproj/Main.storyboard; sourceTree = "<group>"; };
		1741059C1DB7AB9A00F0B162 /* Assets.xcassets */ = {isa = PBXFileReference; lastKnownFileType = folder.assetcatalog; path = Assets.xcassets; sourceTree = "<group>"; };
		1741059F1DB7AB9A00F0B162 /* Base */ = {isa = PBXFileReference; lastKnownFileType = file.storyboard; name = Base; path = Base.lproj/LaunchScreen.storyboard; sourceTree = "<group>"; };
		174105A11DB7AB9A00F0B162 /* Info.plist */ = {isa = PBXFileReference; lastKnownFileType = text.plist.xml; path = Info.plist; sourceTree = "<group>"; };
		174105A81DB7ABF300F0B162 /* AudioToolbox.framework */ = {isa = PBXFileReference; lastKnownFileType = wrapper.framework; name = AudioToolbox.framework; path = System/Library/Frameworks/AudioToolbox.framework; sourceTree = SDKROOT; };
		174105AA1DB7ABFD00F0B162 /* CoreAudio.framework */ = {isa = PBXFileReference; lastKnownFileType = wrapper.framework; name = CoreAudio.framework; path = System/Library/Frameworks/CoreAudio.framework; sourceTree = SDKROOT; };
		17501A921DBD12B6007DF9CF /* MidiAudioManager.h */ = {isa = PBXFileReference; fileEncoding = 4; lastKnownFileType = sourcecode.c.h; path = MidiAudioManager.h; sourceTree = "<group>"; };
		17501A931DBD12B6007DF9CF /* MidiAudioManager.m */ = {isa = PBXFileReference; fileEncoding = 4; lastKnownFileType = sourcecode.c.objc; path = MidiAudioManager.m; sourceTree = "<group>"; };
		17501AA11DBD31B0007DF9CF /* CoreMIDI.framework */ = {isa = PBXFileReference; lastKnownFileType = wrapper.framework; name = CoreMIDI.framework; path = System/Library/Frameworks/CoreMIDI.framework; sourceTree = SDKROOT; };
		177650671DD4CF250002F3F0 /* AudioEngine.h */ = {isa = PBXFileReference; fileEncoding = 4; lastKnownFileType = sourcecode.c.h; path = AudioEngine.h; sourceTree = "<group>"; };
		177650681DD4CF250002F3F0 /* AudioEngine.m */ = {isa = PBXFileReference; fileEncoding = 4; lastKnownFileType = sourcecode.c.objc; path = AudioEngine.m; sourceTree = "<group>"; };
		1776506E1DD56F120002F3F0 /* EZAudioFFT.h */ = {isa = PBXFileReference; fileEncoding = 4; lastKnownFileType = sourcecode.c.h; path = EZAudioFFT.h; sourceTree = "<group>"; };
		1776506F1DD56F120002F3F0 /* EZAudioFFT.m */ = {isa = PBXFileReference; fileEncoding = 4; lastKnownFileType = sourcecode.c.objc; path = EZAudioFFT.m; sourceTree = "<group>"; };
		177650701DD56F120002F3F0 /* EZAudioUtilities.h */ = {isa = PBXFileReference; fileEncoding = 4; lastKnownFileType = sourcecode.c.h; path = EZAudioUtilities.h; sourceTree = "<group>"; };
		177650711DD56F120002F3F0 /* EZAudioUtilities.m */ = {isa = PBXFileReference; fileEncoding = 4; lastKnownFileType = sourcecode.c.objc; path = EZAudioUtilities.m; sourceTree = "<group>"; };
		177650741DD578F20002F3F0 /* TPCircularBuffer.c */ = {isa = PBXFileReference; fileEncoding = 4; lastKnownFileType = sourcecode.c.c; path = TPCircularBuffer.c; sourceTree = "<group>"; };
		177650751DD578F20002F3F0 /* TPCircularBuffer.h */ = {isa = PBXFileReference; fileEncoding = 4; lastKnownFileType = sourcecode.c.h; path = TPCircularBuffer.h; sourceTree = "<group>"; };
		178CB6641DE1E25A00DB78AB /* metronome.sf2 */ = {isa = PBXFileReference; lastKnownFileType = file; name = metronome.sf2; path = SF/metronome.sf2; sourceTree = "<group>"; };
		1794E9A21DDC15F50048F781 /* amen.m4a */ = {isa = PBXFileReference; lastKnownFileType = file; path = amen.m4a; sourceTree = "<group>"; };
		1794E9A31DDC15F50048F781 /* bass.m4a */ = {isa = PBXFileReference; lastKnownFileType = file; path = bass.m4a; sourceTree = "<group>"; };
		1794E9A41DDC15F50048F781 /* piano.m4a */ = {isa = PBXFileReference; lastKnownFileType = file; path = piano.m4a; sourceTree = "<group>"; };
		1794E9A51DDC15F50048F781 /* sweep.m4a */ = {isa = PBXFileReference; lastKnownFileType = file; path = sweep.m4a; sourceTree = "<group>"; };
		1794E9AA1DDC9E310048F781 /* AudioEffectTableViewCell.h */ = {isa = PBXFileReference; fileEncoding = 4; lastKnownFileType = sourcecode.c.h; path = AudioEffectTableViewCell.h; sourceTree = "<group>"; };
		1794E9AB1DDC9E310048F781 /* AudioEffectTableViewCell.m */ = {isa = PBXFileReference; fileEncoding = 4; lastKnownFileType = sourcecode.c.objc; path = AudioEffectTableViewCell.m; sourceTree = "<group>"; };
		17D902361DE5E3B2007E5B5F /* MetronomeViewController.h */ = {isa = PBXFileReference; fileEncoding = 4; lastKnownFileType = sourcecode.c.h; path = MetronomeViewController.h; sourceTree = "<group>"; };
		17D902371DE5E3B2007E5B5F /* MetronomeViewController.m */ = {isa = PBXFileReference; fileEncoding = 4; lastKnownFileType = sourcecode.c.objc; path = MetronomeViewController.m; sourceTree = "<group>"; };
		17D902631DF302EC007E5B5F /* CoreAudioKit.framework */ = {isa = PBXFileReference; lastKnownFileType = wrapper.framework; name = CoreAudioKit.framework; path = System/Library/Frameworks/CoreAudioKit.framework; sourceTree = SDKROOT; };
/* End PBXFileReference section */

/* Begin PBXFrameworksBuildPhase section */
		1741058A1DB7AB9A00F0B162 /* Frameworks */ = {
			isa = PBXFrameworksBuildPhase;
			buildActionMask = 2147483647;
			files = (
				17D902641DF302EC007E5B5F /* CoreAudioKit.framework in Frameworks */,
				17501AA21DBD31B0007DF9CF /* CoreMIDI.framework in Frameworks */,
				174105AB1DB7ABFD00F0B162 /* CoreAudio.framework in Frameworks */,
				174105A91DB7ABF300F0B162 /* AudioToolbox.framework in Frameworks */,
			);
			runOnlyForDeploymentPostprocessing = 0;
		};
/* End PBXFrameworksBuildPhase section */

/* Begin PBXGroup section */
		1731C0641DCAE2C00060185F /* UI */ = {
			isa = PBXGroup;
			children = (
				1731C0651DCAE2E40060185F /* PianoKey.h */,
				1731C0661DCAE2E40060185F /* PianoKey.m */,
				1794E9AA1DDC9E310048F781 /* AudioEffectTableViewCell.h */,
				1794E9AB1DDC9E310048F781 /* AudioEffectTableViewCell.m */,
			);
			path = UI;
			sourceTree = "<group>";
		};
		1731C0731DCC3B6C0060185F /* SF */ = {
			isa = PBXGroup;
			children = (
				1731C0741DCC3B6C0060185F /* DynoPiano1.sf2 */,
				1731C0841DCC3C320060185F /* Grand Piano.sf2 */,
				1731C0851DCC3C320060185F /* Slack Piano.sf2 */,
				1731C0861DCC3C320060185F /* Stereo Piano.sf2 */,
				1731C0761DCC3B6C0060185F /* Elec. Piano.sf2 */,
				1731C0771DCC3B6C0060185F /* Finger Bass.sf2 */,
				1731C07A1DCC3B6C0060185F /* Gitano.sf2 */,
				1731C07B1DCC3B6C0060185F /* Ney Flute.sf2 */,
			);
			path = SF;
			sourceTree = "<group>";
		};
		174105841DB7AB9A00F0B162 = {
			isa = PBXGroup;
			children = (
				1741058F1DB7AB9A00F0B162 /* MidiPiano */,
				1741058E1DB7AB9A00F0B162 /* Products */,
				174105A71DB7ABF300F0B162 /* Frameworks */,
			);
			sourceTree = "<group>";
		};
		1741058E1DB7AB9A00F0B162 /* Products */ = {
			isa = PBXGroup;
			children = (
				1741058D1DB7AB9A00F0B162 /* MidiPiano.app */,
			);
			name = Products;
			sourceTree = "<group>";
		};
		1741058F1DB7AB9A00F0B162 /* MidiPiano */ = {
			isa = PBXGroup;
			children = (
				1794E9A11DDC15F50048F781 /* AudioEffect */,
				1776506D1DD56F120002F3F0 /* 3rd Party */,
				1731C0731DCC3B6C0060185F /* SF */,
				1731C0641DCAE2C00060185F /* UI */,
				174105931DB7AB9A00F0B162 /* AppDelegate.h */,
				178CB6641DE1E25A00DB78AB /* metronome.sf2 */,
				174105941DB7AB9A00F0B162 /* AppDelegate.m */,
				174105961DB7AB9A00F0B162 /* PianoViewController.h */,
				174105971DB7AB9A00F0B162 /* PianoViewController.m */,
				1731C06C1DCB2FE80060185F /* TunerViewController.h */,
				1731C06D1DCB2FE80060185F /* TunerViewController.m */,
				17D902361DE5E3B2007E5B5F /* MetronomeViewController.h */,
				17D902371DE5E3B2007E5B5F /* MetronomeViewController.m */,
				177650671DD4CF250002F3F0 /* AudioEngine.h */,
				177650681DD4CF250002F3F0 /* AudioEngine.m */,
				17501A921DBD12B6007DF9CF /* MidiAudioManager.h */,
				17501A931DBD12B6007DF9CF /* MidiAudioManager.m */,
				174105991DB7AB9A00F0B162 /* Main.storyboard */,
				1741059C1DB7AB9A00F0B162 /* Assets.xcassets */,
				1741059E1DB7AB9A00F0B162 /* LaunchScreen.storyboard */,
				174105A11DB7AB9A00F0B162 /* Info.plist */,
				174105901DB7AB9A00F0B162 /* Supporting Files */,
			);
			path = MidiPiano;
			sourceTree = "<group>";
		};
		174105901DB7AB9A00F0B162 /* Supporting Files */ = {
			isa = PBXGroup;
			children = (
				174105911DB7AB9A00F0B162 /* main.m */,
			);
			name = "Supporting Files";
			sourceTree = "<group>";
		};
		174105A71DB7ABF300F0B162 /* Frameworks */ = {
			isa = PBXGroup;
			children = (
				17D902631DF302EC007E5B5F /* CoreAudioKit.framework */,
				17501AA11DBD31B0007DF9CF /* CoreMIDI.framework */,
				174105AA1DB7ABFD00F0B162 /* CoreAudio.framework */,
				174105A81DB7ABF300F0B162 /* AudioToolbox.framework */,
			);
			name = Frameworks;
			sourceTree = "<group>";
		};
		1776506D1DD56F120002F3F0 /* 3rd Party */ = {
			isa = PBXGroup;
			children = (
				1776506E1DD56F120002F3F0 /* EZAudioFFT.h */,
				1776506F1DD56F120002F3F0 /* EZAudioFFT.m */,
				177650741DD578F20002F3F0 /* TPCircularBuffer.c */,
				177650751DD578F20002F3F0 /* TPCircularBuffer.h */,
				177650701DD56F120002F3F0 /* EZAudioUtilities.h */,
				177650711DD56F120002F3F0 /* EZAudioUtilities.m */,
			);
			path = "3rd Party";
			sourceTree = "<group>";
		};
		1794E9A11DDC15F50048F781 /* AudioEffect */ = {
			isa = PBXGroup;
			children = (
				1794E9A21DDC15F50048F781 /* amen.m4a */,
				1794E9A31DDC15F50048F781 /* bass.m4a */,
				1794E9A41DDC15F50048F781 /* piano.m4a */,
				1794E9A51DDC15F50048F781 /* sweep.m4a */,
			);
			path = AudioEffect;
			sourceTree = "<group>";
		};
/* End PBXGroup section */

/* Begin PBXNativeTarget section */
		1741058C1DB7AB9A00F0B162 /* MidiPiano */ = {
			isa = PBXNativeTarget;
			buildConfigurationList = 174105A41DB7AB9A00F0B162 /* Build configuration list for PBXNativeTarget "MidiPiano" */;
			buildPhases = (
				174105891DB7AB9A00F0B162 /* Sources */,
				1741058A1DB7AB9A00F0B162 /* Frameworks */,
				1741058B1DB7AB9A00F0B162 /* Resources */,
			);
			buildRules = (
			);
			dependencies = (
			);
			name = MidiPiano;
			productName = MidiPiano;
			productReference = 1741058D1DB7AB9A00F0B162 /* MidiPiano.app */;
			productType = "com.apple.product-type.application";
		};
/* End PBXNativeTarget section */

/* Begin PBXProject section */
		174105851DB7AB9A00F0B162 /* Project object */ = {
			isa = PBXProject;
			attributes = {
				LastUpgradeCheck = 0810;
				ORGANIZATIONNAME = Tab;
				TargetAttributes = {
					1741058C1DB7AB9A00F0B162 = {
						CreatedOnToolsVersion = 8.0;
						ProvisioningStyle = Automatic;
						SystemCapabilities = {
							com.apple.BackgroundModes = {
								enabled = 1;
							};
						};
					};
				};
			};
			buildConfigurationList = 174105881DB7AB9A00F0B162 /* Build configuration list for PBXProject "MidiPiano" */;
			compatibilityVersion = "Xcode 3.2";
			developmentRegion = English;
			hasScannedForEncodings = 0;
			knownRegions = (
				en,
				Base,
			);
			mainGroup = 174105841DB7AB9A00F0B162;
			productRefGroup = 1741058E1DB7AB9A00F0B162 /* Products */;
			projectDirPath = "";
			projectRoot = "";
			targets = (
				1741058C1DB7AB9A00F0B162 /* MidiPiano */,
			);
		};
/* End PBXProject section */

/* Begin PBXResourcesBuildPhase section */
		1741058B1DB7AB9A00F0B162 /* Resources */ = {
			isa = PBXResourcesBuildPhase;
			buildActionMask = 2147483647;
			files = (
				1731C08A1DCC3C320060185F /* Stereo Piano.sf2 in Resources */,
				1794E9A61DDC15F50048F781 /* amen.m4a in Resources */,
				1731C0831DCC3B6C0060185F /* Ney Flute.sf2 in Resources */,
				174105A01DB7AB9A00F0B162 /* LaunchScreen.storyboard in Resources */,
				178CB6651DE1E25A00DB78AB /* metronome.sf2 in Resources */,
				1731C07C1DCC3B6C0060185F /* DynoPiano1.sf2 in Resources */,
				1731C07E1DCC3B6C0060185F /* Elec. Piano.sf2 in Resources */,
				1731C0821DCC3B6C0060185F /* Gitano.sf2 in Resources */,
				1794E9A71DDC15F50048F781 /* bass.m4a in Resources */,
				1741059D1DB7AB9A00F0B162 /* Assets.xcassets in Resources */,
				1731C0881DCC3C320060185F /* Grand Piano.sf2 in Resources */,
				1731C07F1DCC3B6C0060185F /* Finger Bass.sf2 in Resources */,
				1741059B1DB7AB9A00F0B162 /* Main.storyboard in Resources */,
				1794E9A81DDC15F50048F781 /* piano.m4a in Resources */,
				1794E9A91DDC15F50048F781 /* sweep.m4a in Resources */,
				1731C0891DCC3C320060185F /* Slack Piano.sf2 in Resources */,
			);
			runOnlyForDeploymentPostprocessing = 0;
		};
/* End PBXResourcesBuildPhase section */

/* Begin PBXSourcesBuildPhase section */
		174105891DB7AB9A00F0B162 /* Sources */ = {
			isa = PBXSourcesBuildPhase;
			buildActionMask = 2147483647;
			files = (
				177650721DD56F120002F3F0 /* EZAudioFFT.m in Sources */,
				17D902381DE5E3B2007E5B5F /* MetronomeViewController.m in Sources */,
				174105981DB7AB9A00F0B162 /* PianoViewController.m in Sources */,
				1794E9AC1DDC9E310048F781 /* AudioEffectTableViewCell.m in Sources */,
				1731C06E1DCB2FE80060185F /* TunerViewController.m in Sources */,
				17501A941DBD12B6007DF9CF /* MidiAudioManager.m in Sources */,
				177650731DD56F120002F3F0 /* EZAudioUtilities.m in Sources */,
				174105951DB7AB9A00F0B162 /* AppDelegate.m in Sources */,
				1731C0671DCAE2E40060185F /* PianoKey.m in Sources */,
				174105921DB7AB9A00F0B162 /* main.m in Sources */,
				177650761DD578F20002F3F0 /* TPCircularBuffer.c in Sources */,
				177650691DD4CF250002F3F0 /* AudioEngine.m in Sources */,
			);
			runOnlyForDeploymentPostprocessing = 0;
		};
/* End PBXSourcesBuildPhase section */

/* Begin PBXVariantGroup section */
		174105991DB7AB9A00F0B162 /* Main.storyboard */ = {
			isa = PBXVariantGroup;
			children = (
				1741059A1DB7AB9A00F0B162 /* Base */,
			);
			name = Main.storyboard;
			sourceTree = "<group>";
		};
		1741059E1DB7AB9A00F0B162 /* LaunchScreen.storyboard */ = {
			isa = PBXVariantGroup;
			children = (
				1741059F1DB7AB9A00F0B162 /* Base */,
			);
			name = LaunchScreen.storyboard;
			sourceTree = "<group>";
		};
/* End PBXVariantGroup section */

/* Begin XCBuildConfiguration section */
		174105A21DB7AB9A00F0B162 /* Debug */ = {
			isa = XCBuildConfiguration;
			buildSettings = {
				ALWAYS_SEARCH_USER_PATHS = NO;
				CLANG_ANALYZER_NONNULL = YES;
				CLANG_CXX_LANGUAGE_STANDARD = "gnu++0x";
				CLANG_CXX_LIBRARY = "libc++";
				CLANG_ENABLE_MODULES = YES;
				CLANG_ENABLE_OBJC_ARC = YES;
				CLANG_WARN_BOOL_CONVERSION = YES;
				CLANG_WARN_CONSTANT_CONVERSION = YES;
				CLANG_WARN_DIRECT_OBJC_ISA_USAGE = YES_ERROR;
				CLANG_WARN_DOCUMENTATION_COMMENTS = YES;
				CLANG_WARN_EMPTY_BODY = YES;
				CLANG_WARN_ENUM_CONVERSION = YES;
				CLANG_WARN_INFINITE_RECURSION = YES;
				CLANG_WARN_INT_CONVERSION = YES;
				CLANG_WARN_OBJC_ROOT_CLASS = YES_ERROR;
				CLANG_WARN_SUSPICIOUS_MOVE = YES;
				CLANG_WARN_SUSPICIOUS_MOVES = YES;
				CLANG_WARN_UNREACHABLE_CODE = YES;
				CLANG_WARN__DUPLICATE_METHOD_MATCH = YES;
				"CODE_SIGN_IDENTITY[sdk=iphoneos*]" = "iPhone Developer";
				COPY_PHASE_STRIP = NO;
				DEBUG_INFORMATION_FORMAT = dwarf;
				ENABLE_STRICT_OBJC_MSGSEND = YES;
				ENABLE_TESTABILITY = YES;
				GCC_C_LANGUAGE_STANDARD = gnu99;
				GCC_DYNAMIC_NO_PIC = NO;
				GCC_NO_COMMON_BLOCKS = YES;
				GCC_OPTIMIZATION_LEVEL = 0;
				GCC_PREPROCESSOR_DEFINITIONS = (
					"DEBUG=1",
					"$(inherited)",
				);
				GCC_WARN_64_TO_32_BIT_CONVERSION = YES;
				GCC_WARN_ABOUT_RETURN_TYPE = YES_ERROR;
				GCC_WARN_UNDECLARED_SELECTOR = YES;
				GCC_WARN_UNINITIALIZED_AUTOS = YES_AGGRESSIVE;
				GCC_WARN_UNUSED_FUNCTION = YES;
				GCC_WARN_UNUSED_VARIABLE = YES;
				IPHONEOS_DEPLOYMENT_TARGET = 10.1;
				MTL_ENABLE_DEBUG_INFO = YES;
				ONLY_ACTIVE_ARCH = YES;
				SDKROOT = iphoneos;
			};
			name = Debug;
		};
		174105A31DB7AB9A00F0B162 /* Release */ = {
			isa = XCBuildConfiguration;
			buildSettings = {
				ALWAYS_SEARCH_USER_PATHS = NO;
				CLANG_ANALYZER_NONNULL = YES;
				CLANG_CXX_LANGUAGE_STANDARD = "gnu++0x";
				CLANG_CXX_LIBRARY = "libc++";
				CLANG_ENABLE_MODULES = YES;
				CLANG_ENABLE_OBJC_ARC = YES;
				CLANG_WARN_BOOL_CONVERSION = YES;
				CLANG_WARN_CONSTANT_CONVERSION = YES;
				CLANG_WARN_DIRECT_OBJC_ISA_USAGE = YES_ERROR;
				CLANG_WARN_DOCUMENTATION_COMMENTS = YES;
				CLANG_WARN_EMPTY_BODY = YES;
				CLANG_WARN_ENUM_CONVERSION = YES;
				CLANG_WARN_INFINITE_RECURSION = YES;
				CLANG_WARN_INT_CONVERSION = YES;
				CLANG_WARN_OBJC_ROOT_CLASS = YES_ERROR;
				CLANG_WARN_SUSPICIOUS_MOVE = YES;
				CLANG_WARN_SUSPICIOUS_MOVES = YES;
				CLANG_WARN_UNREACHABLE_CODE = YES;
				CLANG_WARN__DUPLICATE_METHOD_MATCH = YES;
				"CODE_SIGN_IDENTITY[sdk=iphoneos*]" = "iPhone Developer";
				COPY_PHASE_STRIP = NO;
				DEBUG_INFORMATION_FORMAT = "dwarf-with-dsym";
				ENABLE_NS_ASSERTIONS = NO;
				ENABLE_STRICT_OBJC_MSGSEND = YES;
				GCC_C_LANGUAGE_STANDARD = gnu99;
				GCC_NO_COMMON_BLOCKS = YES;
				GCC_WARN_64_TO_32_BIT_CONVERSION = YES;
				GCC_WARN_ABOUT_RETURN_TYPE = YES_ERROR;
				GCC_WARN_UNDECLARED_SELECTOR = YES;
				GCC_WARN_UNINITIALIZED_AUTOS = YES_AGGRESSIVE;
				GCC_WARN_UNUSED_FUNCTION = YES;
				GCC_WARN_UNUSED_VARIABLE = YES;
				IPHONEOS_DEPLOYMENT_TARGET = 10.1;
				MTL_ENABLE_DEBUG_INFO = NO;
				SDKROOT = iphoneos;
				VALIDATE_PRODUCT = YES;
			};
			name = Release;
		};
		174105A51DB7AB9A00F0B162 /* Debug */ = {
			isa = XCBuildConfiguration;
			buildSettings = {
				ASSETCATALOG_COMPILER_APPICON_NAME = AppIcon;
				DEVELOPMENT_TEAM = "";
				INFOPLIST_FILE = MidiPiano/Info.plist;
				LD_RUNPATH_SEARCH_PATHS = "$(inherited) @executable_path/Frameworks";
				PRODUCT_BUNDLE_IDENTIFIER = com.120id.MidiPiano;
				PRODUCT_NAME = "$(TARGET_NAME)";
			};
			name = Debug;
		};
		174105A61DB7AB9A00F0B162 /* Release */ = {
			isa = XCBuildConfiguration;
			buildSettings = {
				ASSETCATALOG_COMPILER_APPICON_NAME = AppIcon;
				DEVELOPMENT_TEAM = "";
				INFOPLIST_FILE = MidiPiano/Info.plist;
				LD_RUNPATH_SEARCH_PATHS = "$(inherited) @executable_path/Frameworks";
				PRODUCT_BUNDLE_IDENTIFIER = com.120id.MidiPiano;
				PRODUCT_NAME = "$(TARGET_NAME)";
			};
			name = Release;
		};
/* End XCBuildConfiguration section */

/* Begin XCConfigurationList section */
		174105881DB7AB9A00F0B162 /* Build configuration list for PBXProject "MidiPiano" */ = {
			isa = XCConfigurationList;
			buildConfigurations = (
				174105A21DB7AB9A00F0B162 /* Debug */,
				174105A31DB7AB9A00F0B162 /* Release */,
			);
			defaultConfigurationIsVisible = 0;
			defaultConfigurationName = Release;
		};
		174105A41DB7AB9A00F0B162 /* Build configuration list for PBXNativeTarget "MidiPiano" */ = {
			isa = XCConfigurationList;
			buildConfigurations = (
				174105A51DB7AB9A00F0B162 /* Debug */,
				174105A61DB7AB9A00F0B162 /* Release */,
			);
			defaultConfigurationIsVisible = 0;
			defaultConfigurationName = Release;
		};
/* End XCConfigurationList section */
	};
	rootObject = 174105851DB7AB9A00F0B162 /* Project object */;
}
